// !$*UTF8*$!
{
	archiveVersion = 1;
	classes = {
	};
	objectVersion = 50;
	objects = {

/* Begin PBXBuildFile section */
		38097A6F2494A7B6009712EF /* RadicalViewSelected.swift in Sources */ = {isa = PBXBuildFile; fileRef = 38097A6E2494A7B6009712EF /* RadicalViewSelected.swift */; };
		38097A712494A7E6009712EF /* RadicalViewDeselected.swift in Sources */ = {isa = PBXBuildFile; fileRef = 38097A702494A7E6009712EF /* RadicalViewDeselected.swift */; };
		38097A732494AF4C009712EF /* LabelView.swift in Sources */ = {isa = PBXBuildFile; fileRef = 38097A722494AF4C009712EF /* LabelView.swift */; };
		38201A3D247DE6BD004FDE24 /* Calculator.swift in Sources */ = {isa = PBXBuildFile; fileRef = 38201A3C247DE6BC004FDE24 /* Calculator.swift */; };
		38201A42247DEC15004FDE24 /* CalculatorCell.swift in Sources */ = {isa = PBXBuildFile; fileRef = 38201A41247DEC15004FDE24 /* CalculatorCell.swift */; };
		3824326224ACFC1000B6CAAB /* NumberValue.swift in Sources */ = {isa = PBXBuildFile; fileRef = 3824326124ACFC1000B6CAAB /* NumberValue.swift */; };
		3824326424ACFC3900B6CAAB /* DoubleValue.swift in Sources */ = {isa = PBXBuildFile; fileRef = 3824326324ACFC3900B6CAAB /* DoubleValue.swift */; };
		3824326624AD05CE00B6CAAB /* SignCanToggle.swift in Sources */ = {isa = PBXBuildFile; fileRef = 3824326524AD05CE00B6CAAB /* SignCanToggle.swift */; };
		3824326824AD05ED00B6CAAB /* EvaluateFunction.swift in Sources */ = {isa = PBXBuildFile; fileRef = 3824326724AD05ED00B6CAAB /* EvaluateFunction.swift */; };
		3824326A24AD069500B6CAAB /* PersistStartingValues.swift in Sources */ = {isa = PBXBuildFile; fileRef = 3824326924AD069500B6CAAB /* PersistStartingValues.swift */; };
		3824326E24AD2DBD00B6CAAB /* RemovePrecedenceOperation.swift in Sources */ = {isa = PBXBuildFile; fileRef = 3824326D24AD2DBD00B6CAAB /* RemovePrecedenceOperation.swift */; };
		3824327024AD2DFD00B6CAAB /* ReplacePrecedenceOperation.swift in Sources */ = {isa = PBXBuildFile; fileRef = 3824326F24AD2DFC00B6CAAB /* ReplacePrecedenceOperation.swift */; };
		3824327224AD2E6D00B6CAAB /* EvaluateNewOperator.swift in Sources */ = {isa = PBXBuildFile; fileRef = 3824327124AD2E6D00B6CAAB /* EvaluateNewOperator.swift */; };
		3824327524AD319400B6CAAB /* AddCalculatorEntry.swift in Sources */ = {isa = PBXBuildFile; fileRef = 3824327424AD319400B6CAAB /* AddCalculatorEntry.swift */; };
		3824327724AD5E6800B6CAAB /* AddParentheticalExpression.swift in Sources */ = {isa = PBXBuildFile; fileRef = 3824327624AD5E6800B6CAAB /* AddParentheticalExpression.swift */; };
		3824327924AD5E8600B6CAAB /* ClearAllEntries.swift in Sources */ = {isa = PBXBuildFile; fileRef = 3824327824AD5E8600B6CAAB /* ClearAllEntries.swift */; };
		3824327B24AD5EC900B6CAAB /* ClearLastTerm.swift in Sources */ = {isa = PBXBuildFile; fileRef = 3824327A24AD5EC900B6CAAB /* ClearLastTerm.swift */; };
		3824327D24AD5EF200B6CAAB /* CloseParentheticalExpression.swift in Sources */ = {isa = PBXBuildFile; fileRef = 3824327C24AD5EF200B6CAAB /* CloseParentheticalExpression.swift */; };
		3824327F24AD5F0B00B6CAAB /* EvaluateArithmeticExpression.swift in Sources */ = {isa = PBXBuildFile; fileRef = 3824327E24AD5F0B00B6CAAB /* EvaluateArithmeticExpression.swift */; };
		3824328124AD5F2300B6CAAB /* SecondSetOfFunctionsToggled.swift in Sources */ = {isa = PBXBuildFile; fileRef = 3824328024AD5F2300B6CAAB /* SecondSetOfFunctionsToggled.swift */; };
		3824328324AD5F3A00B6CAAB /* ToggleNumberSign.swift in Sources */ = {isa = PBXBuildFile; fileRef = 3824328224AD5F3A00B6CAAB /* ToggleNumberSign.swift */; };
		38271EA524A3329500D8F1DE /* Solver.swift in Sources */ = {isa = PBXBuildFile; fileRef = 38271EA424A3329500D8F1DE /* Solver.swift */; };
		38295460249381F9002897E3 /* CalculatorBrain.swift in Sources */ = {isa = PBXBuildFile; fileRef = 3829545F249381F9002897E3 /* CalculatorBrain.swift */; };
		38418430249EE02300CDDE0A /* PrecedenceOperationController.swift in Sources */ = {isa = PBXBuildFile; fileRef = 3841842F249EE02300CDDE0A /* PrecedenceOperationController.swift */; };
		3848811B24A1DC3300EDCDF6 /* PrecedenceOperation.swift in Sources */ = {isa = PBXBuildFile; fileRef = 3848811A24A1DC3300EDCDF6 /* PrecedenceOperation.swift */; };
		3869F9C624ACF71F007CC321 /* MenuController.swift in Sources */ = {isa = PBXBuildFile; fileRef = 3869F9C524ACF71F007CC321 /* MenuController.swift */; };
		3870744E2499B70500C74D25 /* Term.swift in Sources */ = {isa = PBXBuildFile; fileRef = 3870744D2499B70500C74D25 /* Term.swift */; };
		387074502499B74800C74D25 /* Constant.swift in Sources */ = {isa = PBXBuildFile; fileRef = 3870744F2499B74800C74D25 /* Constant.swift */; };
		387074542499BAF200C74D25 /* FixedOperand.swift in Sources */ = {isa = PBXBuildFile; fileRef = 387074532499BAF200C74D25 /* FixedOperand.swift */; };
		387074562499BB1D00C74D25 /* FunctionWithOneInput.swift in Sources */ = {isa = PBXBuildFile; fileRef = 387074552499BB1D00C74D25 /* FunctionWithOneInput.swift */; };
		387074582499BB3E00C74D25 /* FunctionWithTwoInputs.swift in Sources */ = {isa = PBXBuildFile; fileRef = 387074572499BB3E00C74D25 /* FunctionWithTwoInputs.swift */; };
		3870745A2499BB6600C74D25 /* MemoryRecall.swift in Sources */ = {isa = PBXBuildFile; fileRef = 387074592499BB6600C74D25 /* MemoryRecall.swift */; };
		3870745C2499BB7100C74D25 /* MutableOperand.swift in Sources */ = {isa = PBXBuildFile; fileRef = 3870745B2499BB7100C74D25 /* MutableOperand.swift */; };
		3870745E2499BB8B00C74D25 /* PercentageFunction.swift in Sources */ = {isa = PBXBuildFile; fileRef = 3870745D2499BB8B00C74D25 /* PercentageFunction.swift */; };
		387074602499BBAC00C74D25 /* TrigonometricFunction.swift in Sources */ = {isa = PBXBuildFile; fileRef = 3870745F2499BBAC00C74D25 /* TrigonometricFunction.swift */; };
		3870746C2499E21D00C74D25 /* Operation.swift in Sources */ = {isa = PBXBuildFile; fileRef = 3870746B2499E21D00C74D25 /* Operation.swift */; };
		387B4B56247DEE5A003AC960 /* Colors.swift in Sources */ = {isa = PBXBuildFile; fileRef = 387B4B55247DEE5A003AC960 /* Colors.swift */; };
		387B9F4125FF11960071DCF6 /* AccessibilityObjects.swift in Sources */ = {isa = PBXBuildFile; fileRef = 387B9F4025FF11960071DCF6 /* AccessibilityObjects.swift */; };
		387B9F4825FF11DD0071DCF6 /* CalculatorCollectionViewCellModel.swift in Sources */ = {isa = PBXBuildFile; fileRef = 387B9F4725FF11DD0071DCF6 /* CalculatorCollectionViewCellModel.swift */; };
		387B9F4F25FF12110071DCF6 /* CalculatorDatasourceController.swift in Sources */ = {isa = PBXBuildFile; fileRef = 387B9F4E25FF12110071DCF6 /* CalculatorDatasourceController.swift */; };
		387B9F7225FF17940071DCF6 /* AttributedStrings.swift in Sources */ = {isa = PBXBuildFile; fileRef = 387B9F7125FF17940071DCF6 /* AttributedStrings.swift */; };
		387B9F7825FF17A70071DCF6 /* CellAppearence.swift in Sources */ = {isa = PBXBuildFile; fileRef = 387B9F7725FF17A70071DCF6 /* CellAppearence.swift */; };
		387B9F7C25FF17B10071DCF6 /* ToggledValue.swift in Sources */ = {isa = PBXBuildFile; fileRef = 387B9F7B25FF17B10071DCF6 /* ToggledValue.swift */; };
		387B9F8625FF1E7C0071DCF6 /* CalculatorCollectionView.swift in Sources */ = {isa = PBXBuildFile; fileRef = 387B9F8525FF1E7C0071DCF6 /* CalculatorCollectionView.swift */; };
		387B9FDE25FF260C0071DCF6 /* AllClearClearCellTests.swift in Sources */ = {isa = PBXBuildFile; fileRef = 387B9FDD25FF260C0071DCF6 /* AllClearClearCellTests.swift */; };
		387B9FE625FF26270071DCF6 /* ContinueArithmeticBetweenCalculators.swift in Sources */ = {isa = PBXBuildFile; fileRef = 387B9FE525FF26270071DCF6 /* ContinueArithmeticBetweenCalculators.swift */; };
		387B9FEB25FF26440071DCF6 /* CopyAndPasteTests.swift in Sources */ = {isa = PBXBuildFile; fileRef = 387B9FEA25FF26440071DCF6 /* CopyAndPasteTests.swift */; };
		387B9FF025FF26680071DCF6 /* LayoutTests.swift in Sources */ = {isa = PBXBuildFile; fileRef = 387B9FEF25FF26680071DCF6 /* LayoutTests.swift */; };
		387B9FF525FF267C0071DCF6 /* SwipeToDeleteTests.swift in Sources */ = {isa = PBXBuildFile; fileRef = 387B9FF425FF267C0071DCF6 /* SwipeToDeleteTests.swift */; };
		387B9FFA25FF26A20071DCF6 /* AddDisplayedNumberAsTermTests.swift in Sources */ = {isa = PBXBuildFile; fileRef = 387B9FF925FF26A20071DCF6 /* AddDisplayedNumberAsTermTests.swift */; };
		387B9FFF25FF26C70071DCF6 /* ContinuedSolvingTests.swift in Sources */ = {isa = PBXBuildFile; fileRef = 387B9FFE25FF26C70071DCF6 /* ContinuedSolvingTests.swift */; };
		387BA00425FF26FD0071DCF6 /* LogicAutocorrectTests.swift in Sources */ = {isa = PBXBuildFile; fileRef = 387BA00325FF26FD0071DCF6 /* LogicAutocorrectTests.swift */; };
		387BA00925FF271D0071DCF6 /* ParentheticalAndPrecedenceTotalDisplaying.swift in Sources */ = {isa = PBXBuildFile; fileRef = 387BA00825FF271D0071DCF6 /* ParentheticalAndPrecedenceTotalDisplaying.swift */; };
		387BA014260017840071DCF6 /* MemoryRecallTests.swift in Sources */ = {isa = PBXBuildFile; fileRef = 387BA013260017840071DCF6 /* MemoryRecallTests.swift */; };
		387C575E249AA0670058DAB8 /* ArithmeticController.swift in Sources */ = {isa = PBXBuildFile; fileRef = 387C575D249AA0670058DAB8 /* ArithmeticController.swift */; };
		3883169424AC5A5E001B644A /* RoundStandardCalculatorCollectionViewCells.swift in Sources */ = {isa = PBXBuildFile; fileRef = 3883169324AC5A5E001B644A /* RoundStandardCalculatorCollectionViewCells.swift */; };
		3883169624AC5A7B001B644A /* ManageStandardCalculatorCollectionViewCells.swift in Sources */ = {isa = PBXBuildFile; fileRef = 3883169524AC5A7B001B644A /* ManageStandardCalculatorCollectionViewCells.swift */; };
		3883169824AC5AA0001B644A /* SyncStandardCalculatorCollectionViewCells.swift in Sources */ = {isa = PBXBuildFile; fileRef = 3883169724AC5AA0001B644A /* SyncStandardCalculatorCollectionViewCells.swift */; };
		388B0F73247E2B2A00297941 /* Fonts.swift in Sources */ = {isa = PBXBuildFile; fileRef = 388B0F72247E2B2A00297941 /* Fonts.swift */; };
		389A68FC25EA3E3000FB1791 /* Main.storyboard in Resources */ = {isa = PBXBuildFile; fileRef = 389A68FB25EA3E3000FB1791 /* Main.storyboard */; };
		38A57D1F24ABDCA600A7145A /* SF-Pro-Text-Regular.otf in Resources */ = {isa = PBXBuildFile; fileRef = 38A57D1924ABDCA600A7145A /* SF-Pro-Text-Regular.otf */; };
		38A57D2024ABDCA600A7145A /* SF-Pro-Display-Thin.otf in Resources */ = {isa = PBXBuildFile; fileRef = 38A57D1A24ABDCA600A7145A /* SF-Pro-Display-Thin.otf */; };
		38A57D2124ABDCA600A7145A /* SF-Pro-Text-Thin.otf in Resources */ = {isa = PBXBuildFile; fileRef = 38A57D1B24ABDCA600A7145A /* SF-Pro-Text-Thin.otf */; };
		38A57D2224ABDCA600A7145A /* SF-Pro-Display-Light.otf in Resources */ = {isa = PBXBuildFile; fileRef = 38A57D1C24ABDCA600A7145A /* SF-Pro-Display-Light.otf */; };
		38A57D2324ABDCA600A7145A /* SF-Pro-Display-Regular.otf in Resources */ = {isa = PBXBuildFile; fileRef = 38A57D1D24ABDCA600A7145A /* SF-Pro-Display-Regular.otf */; };
		38A57D2424ABDCA600A7145A /* SF-Pro-Text-Light.otf in Resources */ = {isa = PBXBuildFile; fileRef = 38A57D1E24ABDCA600A7145A /* SF-Pro-Text-Light.otf */; };
		38B7854F24801B7600DCFF2D /* ScientificCalculator.swift in Sources */ = {isa = PBXBuildFile; fileRef = 38B7854E24801B7600DCFF2D /* ScientificCalculator.swift */; };
		38B7855124801B8A00DCFF2D /* StandardCalculator.swift in Sources */ = {isa = PBXBuildFile; fileRef = 38B7855024801B8A00DCFF2D /* StandardCalculator.swift */; };
		38C7FF0424AC5D9D00B14288 /* RoundScientificCalculatorCollectionViewCells.swift in Sources */ = {isa = PBXBuildFile; fileRef = 38C7FF0324AC5D9D00B14288 /* RoundScientificCalculatorCollectionViewCells.swift */; };
		38C7FF0624AC7ECA00B14288 /* EditOutputLabelText.swift in Sources */ = {isa = PBXBuildFile; fileRef = 38C7FF0524AC7ECA00B14288 /* EditOutputLabelText.swift */; };
		38C7FF0A24ACF48A00B14288 /* OutputLabelMenuController.swift in Sources */ = {isa = PBXBuildFile; fileRef = 38C7FF0924ACF48A00B14288 /* OutputLabelMenuController.swift */; };
		38DA23A6247CE6B70046239F /* AppDelegate.swift in Sources */ = {isa = PBXBuildFile; fileRef = 38DA23A5247CE6B70046239F /* AppDelegate.swift */; };
		38DA23A8247CE6B70046239F /* SceneDelegate.swift in Sources */ = {isa = PBXBuildFile; fileRef = 38DA23A7247CE6B70046239F /* SceneDelegate.swift */; };
		38DA23AF247CE6BB0046239F /* Assets.xcassets in Resources */ = {isa = PBXBuildFile; fileRef = 38DA23AE247CE6BB0046239F /* Assets.xcassets */; };
		38DA23BA247CE7430046239F /* CalculatorViewController.swift in Sources */ = {isa = PBXBuildFile; fileRef = 38DA23B9247CE7430046239F /* CalculatorViewController.swift */; };
		38DA23C0247CE8870046239F /* OutputLabel.swift in Sources */ = {isa = PBXBuildFile; fileRef = 38DA23BF247CE8870046239F /* OutputLabel.swift */; };
		38DA23C2247CE8AA0046239F /* SIUnitLabel.swift in Sources */ = {isa = PBXBuildFile; fileRef = 38DA23C1247CE8AA0046239F /* SIUnitLabel.swift */; };
		38DA23D5247CEE0F0046239F /* CalculatorCollectionViewCellLabel.swift in Sources */ = {isa = PBXBuildFile; fileRef = 38DA23D4247CEE0F0046239F /* CalculatorCollectionViewCellLabel.swift */; };
		38DA23D7247CEE550046239F /* CalculatorCollectionViewCell.swift in Sources */ = {isa = PBXBuildFile; fileRef = 38DA23D6247CEE550046239F /* CalculatorCollectionViewCell.swift */; };
		38F1890924AC534800F7BDE4 /* ManageScientificCalculatorCollectionViewCells.swift in Sources */ = {isa = PBXBuildFile; fileRef = 38F1890824AC534800F7BDE4 /* ManageScientificCalculatorCollectionViewCells.swift */; };
		38F1890C24AC583D00F7BDE4 /* SyncScientificCalculatorCollectionViewCells.swift in Sources */ = {isa = PBXBuildFile; fileRef = 38F1890B24AC583D00F7BDE4 /* SyncScientificCalculatorCollectionViewCells.swift */; };
/* End PBXBuildFile section */

/* Begin PBXContainerItemProxy section */
		387B9FB625FF25390071DCF6 /* PBXContainerItemProxy */ = {
			isa = PBXContainerItemProxy;
			containerPortal = 38DA239A247CE6B70046239F /* Project object */;
			proxyType = 1;
			remoteGlobalIDString = 38DA23A1247CE6B70046239F;
			remoteInfo = iPhoneCalculatorRebuild;
		};
		387B9FCC25FF25810071DCF6 /* PBXContainerItemProxy */ = {
			isa = PBXContainerItemProxy;
			containerPortal = 38DA239A247CE6B70046239F /* Project object */;
			proxyType = 1;
			remoteGlobalIDString = 38DA23A1247CE6B70046239F;
			remoteInfo = iPhoneCalculatorRebuild;
		};
/* End PBXContainerItemProxy section */

/* Begin PBXFileReference section */
		38097A6E2494A7B6009712EF /* RadicalViewSelected.swift */ = {isa = PBXFileReference; lastKnownFileType = sourcecode.swift; path = RadicalViewSelected.swift; sourceTree = "<group>"; };
		38097A702494A7E6009712EF /* RadicalViewDeselected.swift */ = {isa = PBXFileReference; lastKnownFileType = sourcecode.swift; path = RadicalViewDeselected.swift; sourceTree = "<group>"; };
		38097A722494AF4C009712EF /* LabelView.swift */ = {isa = PBXFileReference; lastKnownFileType = sourcecode.swift; path = LabelView.swift; sourceTree = "<group>"; };
		38201A3C247DE6BC004FDE24 /* Calculator.swift */ = {isa = PBXFileReference; lastKnownFileType = sourcecode.swift; path = Calculator.swift; sourceTree = "<group>"; };
		38201A41247DEC15004FDE24 /* CalculatorCell.swift */ = {isa = PBXFileReference; lastKnownFileType = sourcecode.swift; path = CalculatorCell.swift; sourceTree = "<group>"; };
		3824326124ACFC1000B6CAAB /* NumberValue.swift */ = {isa = PBXFileReference; lastKnownFileType = sourcecode.swift; path = NumberValue.swift; sourceTree = "<group>"; };
		3824326324ACFC3900B6CAAB /* DoubleValue.swift */ = {isa = PBXFileReference; lastKnownFileType = sourcecode.swift; path = DoubleValue.swift; sourceTree = "<group>"; };
		3824326524AD05CE00B6CAAB /* SignCanToggle.swift */ = {isa = PBXFileReference; lastKnownFileType = sourcecode.swift; path = SignCanToggle.swift; sourceTree = "<group>"; };
		3824326724AD05ED00B6CAAB /* EvaluateFunction.swift */ = {isa = PBXFileReference; lastKnownFileType = sourcecode.swift; path = EvaluateFunction.swift; sourceTree = "<group>"; };
		3824326924AD069500B6CAAB /* PersistStartingValues.swift */ = {isa = PBXFileReference; lastKnownFileType = sourcecode.swift; path = PersistStartingValues.swift; sourceTree = "<group>"; };
		3824326D24AD2DBD00B6CAAB /* RemovePrecedenceOperation.swift */ = {isa = PBXFileReference; lastKnownFileType = sourcecode.swift; path = RemovePrecedenceOperation.swift; sourceTree = "<group>"; };
		3824326F24AD2DFC00B6CAAB /* ReplacePrecedenceOperation.swift */ = {isa = PBXFileReference; lastKnownFileType = sourcecode.swift; path = ReplacePrecedenceOperation.swift; sourceTree = "<group>"; };
		3824327124AD2E6D00B6CAAB /* EvaluateNewOperator.swift */ = {isa = PBXFileReference; lastKnownFileType = sourcecode.swift; path = EvaluateNewOperator.swift; sourceTree = "<group>"; };
		3824327424AD319400B6CAAB /* AddCalculatorEntry.swift */ = {isa = PBXFileReference; lastKnownFileType = sourcecode.swift; path = AddCalculatorEntry.swift; sourceTree = "<group>"; };
		3824327624AD5E6800B6CAAB /* AddParentheticalExpression.swift */ = {isa = PBXFileReference; lastKnownFileType = sourcecode.swift; path = AddParentheticalExpression.swift; sourceTree = "<group>"; };
		3824327824AD5E8600B6CAAB /* ClearAllEntries.swift */ = {isa = PBXFileReference; lastKnownFileType = sourcecode.swift; path = ClearAllEntries.swift; sourceTree = "<group>"; };
		3824327A24AD5EC900B6CAAB /* ClearLastTerm.swift */ = {isa = PBXFileReference; lastKnownFileType = sourcecode.swift; path = ClearLastTerm.swift; sourceTree = "<group>"; };
		3824327C24AD5EF200B6CAAB /* CloseParentheticalExpression.swift */ = {isa = PBXFileReference; lastKnownFileType = sourcecode.swift; path = CloseParentheticalExpression.swift; sourceTree = "<group>"; };
		3824327E24AD5F0B00B6CAAB /* EvaluateArithmeticExpression.swift */ = {isa = PBXFileReference; lastKnownFileType = sourcecode.swift; path = EvaluateArithmeticExpression.swift; sourceTree = "<group>"; };
		3824328024AD5F2300B6CAAB /* SecondSetOfFunctionsToggled.swift */ = {isa = PBXFileReference; lastKnownFileType = sourcecode.swift; path = SecondSetOfFunctionsToggled.swift; sourceTree = "<group>"; };
		3824328224AD5F3A00B6CAAB /* ToggleNumberSign.swift */ = {isa = PBXFileReference; lastKnownFileType = sourcecode.swift; path = ToggleNumberSign.swift; sourceTree = "<group>"; };
		38271EA424A3329500D8F1DE /* Solver.swift */ = {isa = PBXFileReference; lastKnownFileType = sourcecode.swift; name = Solver.swift; path = iPhoneCalculatorRebuild/Solving/Solver.swift; sourceTree = SOURCE_ROOT; };
		3829545F249381F9002897E3 /* CalculatorBrain.swift */ = {isa = PBXFileReference; lastKnownFileType = sourcecode.swift; path = CalculatorBrain.swift; sourceTree = "<group>"; };
		3841842F249EE02300CDDE0A /* PrecedenceOperationController.swift */ = {isa = PBXFileReference; lastKnownFileType = sourcecode.swift; path = PrecedenceOperationController.swift; sourceTree = "<group>"; };
		3848811A24A1DC3300EDCDF6 /* PrecedenceOperation.swift */ = {isa = PBXFileReference; lastKnownFileType = sourcecode.swift; path = PrecedenceOperation.swift; sourceTree = "<group>"; };
		3869F9C524ACF71F007CC321 /* MenuController.swift */ = {isa = PBXFileReference; lastKnownFileType = sourcecode.swift; path = MenuController.swift; sourceTree = "<group>"; };
		3870744D2499B70500C74D25 /* Term.swift */ = {isa = PBXFileReference; lastKnownFileType = sourcecode.swift; path = Term.swift; sourceTree = "<group>"; };
		3870744F2499B74800C74D25 /* Constant.swift */ = {isa = PBXFileReference; lastKnownFileType = sourcecode.swift; path = Constant.swift; sourceTree = "<group>"; };
		387074532499BAF200C74D25 /* FixedOperand.swift */ = {isa = PBXFileReference; lastKnownFileType = sourcecode.swift; path = FixedOperand.swift; sourceTree = "<group>"; };
		387074552499BB1D00C74D25 /* FunctionWithOneInput.swift */ = {isa = PBXFileReference; lastKnownFileType = sourcecode.swift; path = FunctionWithOneInput.swift; sourceTree = "<group>"; };
		387074572499BB3E00C74D25 /* FunctionWithTwoInputs.swift */ = {isa = PBXFileReference; lastKnownFileType = sourcecode.swift; path = FunctionWithTwoInputs.swift; sourceTree = "<group>"; };
		387074592499BB6600C74D25 /* MemoryRecall.swift */ = {isa = PBXFileReference; lastKnownFileType = sourcecode.swift; path = MemoryRecall.swift; sourceTree = "<group>"; };
		3870745B2499BB7100C74D25 /* MutableOperand.swift */ = {isa = PBXFileReference; lastKnownFileType = sourcecode.swift; path = MutableOperand.swift; sourceTree = "<group>"; };
		3870745D2499BB8B00C74D25 /* PercentageFunction.swift */ = {isa = PBXFileReference; lastKnownFileType = sourcecode.swift; path = PercentageFunction.swift; sourceTree = "<group>"; };
		3870745F2499BBAC00C74D25 /* TrigonometricFunction.swift */ = {isa = PBXFileReference; lastKnownFileType = sourcecode.swift; path = TrigonometricFunction.swift; sourceTree = "<group>"; };
		3870746B2499E21D00C74D25 /* Operation.swift */ = {isa = PBXFileReference; lastKnownFileType = sourcecode.swift; path = Operation.swift; sourceTree = "<group>"; };
		387B4B55247DEE5A003AC960 /* Colors.swift */ = {isa = PBXFileReference; lastKnownFileType = sourcecode.swift; name = Colors.swift; path = iPhoneCalculatorRebuild/Colors/Colors.swift; sourceTree = SOURCE_ROOT; };
		387B9F4025FF11960071DCF6 /* AccessibilityObjects.swift */ = {isa = PBXFileReference; lastKnownFileType = sourcecode.swift; path = AccessibilityObjects.swift; sourceTree = "<group>"; };
		387B9F4725FF11DD0071DCF6 /* CalculatorCollectionViewCellModel.swift */ = {isa = PBXFileReference; lastKnownFileType = sourcecode.swift; path = CalculatorCollectionViewCellModel.swift; sourceTree = "<group>"; };
		387B9F4E25FF12110071DCF6 /* CalculatorDatasourceController.swift */ = {isa = PBXFileReference; lastKnownFileType = sourcecode.swift; path = CalculatorDatasourceController.swift; sourceTree = "<group>"; };
		387B9F7125FF17940071DCF6 /* AttributedStrings.swift */ = {isa = PBXFileReference; lastKnownFileType = sourcecode.swift; path = AttributedStrings.swift; sourceTree = "<group>"; };
		387B9F7725FF17A70071DCF6 /* CellAppearence.swift */ = {isa = PBXFileReference; lastKnownFileType = sourcecode.swift; path = CellAppearence.swift; sourceTree = "<group>"; };
		387B9F7B25FF17B10071DCF6 /* ToggledValue.swift */ = {isa = PBXFileReference; lastKnownFileType = sourcecode.swift; path = ToggledValue.swift; sourceTree = "<group>"; };
		387B9F8525FF1E7C0071DCF6 /* CalculatorCollectionView.swift */ = {isa = PBXFileReference; lastKnownFileType = sourcecode.swift; path = CalculatorCollectionView.swift; sourceTree = "<group>"; };
		387B9FB125FF25380071DCF6 /* iPhoneCalculatorRebuildUnitTests.xctest */ = {isa = PBXFileReference; explicitFileType = wrapper.cfbundle; includeInIndex = 0; path = iPhoneCalculatorRebuildUnitTests.xctest; sourceTree = BUILT_PRODUCTS_DIR; };
		387B9FB525FF25390071DCF6 /* Info.plist */ = {isa = PBXFileReference; lastKnownFileType = text.plist.xml; path = Info.plist; sourceTree = "<group>"; };
		387B9FC725FF25810071DCF6 /* iPhoneCalculatorRebuildUITests.xctest */ = {isa = PBXFileReference; explicitFileType = wrapper.cfbundle; includeInIndex = 0; path = iPhoneCalculatorRebuildUITests.xctest; sourceTree = BUILT_PRODUCTS_DIR; };
		387B9FCB25FF25810071DCF6 /* Info.plist */ = {isa = PBXFileReference; lastKnownFileType = text.plist.xml; path = Info.plist; sourceTree = "<group>"; };
		387B9FDD25FF260C0071DCF6 /* AllClearClearCellTests.swift */ = {isa = PBXFileReference; lastKnownFileType = sourcecode.swift; path = AllClearClearCellTests.swift; sourceTree = "<group>"; };
		387B9FE525FF26270071DCF6 /* ContinueArithmeticBetweenCalculators.swift */ = {isa = PBXFileReference; lastKnownFileType = sourcecode.swift; path = ContinueArithmeticBetweenCalculators.swift; sourceTree = "<group>"; };
		387B9FEA25FF26440071DCF6 /* CopyAndPasteTests.swift */ = {isa = PBXFileReference; lastKnownFileType = sourcecode.swift; path = CopyAndPasteTests.swift; sourceTree = "<group>"; };
		387B9FEF25FF26680071DCF6 /* LayoutTests.swift */ = {isa = PBXFileReference; lastKnownFileType = sourcecode.swift; path = LayoutTests.swift; sourceTree = "<group>"; };
		387B9FF425FF267C0071DCF6 /* SwipeToDeleteTests.swift */ = {isa = PBXFileReference; lastKnownFileType = sourcecode.swift; path = SwipeToDeleteTests.swift; sourceTree = "<group>"; };
		387B9FF925FF26A20071DCF6 /* AddDisplayedNumberAsTermTests.swift */ = {isa = PBXFileReference; lastKnownFileType = sourcecode.swift; path = AddDisplayedNumberAsTermTests.swift; sourceTree = "<group>"; };
		387B9FFE25FF26C70071DCF6 /* ContinuedSolvingTests.swift */ = {isa = PBXFileReference; lastKnownFileType = sourcecode.swift; path = ContinuedSolvingTests.swift; sourceTree = "<group>"; };
		387BA00325FF26FD0071DCF6 /* LogicAutocorrectTests.swift */ = {isa = PBXFileReference; lastKnownFileType = sourcecode.swift; path = LogicAutocorrectTests.swift; sourceTree = "<group>"; };
		387BA00825FF271D0071DCF6 /* ParentheticalAndPrecedenceTotalDisplaying.swift */ = {isa = PBXFileReference; lastKnownFileType = sourcecode.swift; path = ParentheticalAndPrecedenceTotalDisplaying.swift; sourceTree = "<group>"; };
		387BA013260017840071DCF6 /* MemoryRecallTests.swift */ = {isa = PBXFileReference; lastKnownFileType = sourcecode.swift; path = MemoryRecallTests.swift; sourceTree = "<group>"; };
		387C575D249AA0670058DAB8 /* ArithmeticController.swift */ = {isa = PBXFileReference; lastKnownFileType = sourcecode.swift; path = ArithmeticController.swift; sourceTree = "<group>"; };
		3883169324AC5A5E001B644A /* RoundStandardCalculatorCollectionViewCells.swift */ = {isa = PBXFileReference; lastKnownFileType = sourcecode.swift; path = RoundStandardCalculatorCollectionViewCells.swift; sourceTree = "<group>"; };
		3883169524AC5A7B001B644A /* ManageStandardCalculatorCollectionViewCells.swift */ = {isa = PBXFileReference; lastKnownFileType = sourcecode.swift; path = ManageStandardCalculatorCollectionViewCells.swift; sourceTree = "<group>"; };
		3883169724AC5AA0001B644A /* SyncStandardCalculatorCollectionViewCells.swift */ = {isa = PBXFileReference; lastKnownFileType = sourcecode.swift; path = SyncStandardCalculatorCollectionViewCells.swift; sourceTree = "<group>"; };
		388B0F72247E2B2A00297941 /* Fonts.swift */ = {isa = PBXFileReference; lastKnownFileType = sourcecode.swift; path = Fonts.swift; sourceTree = "<group>"; };
		389A68FB25EA3E3000FB1791 /* Main.storyboard */ = {isa = PBXFileReference; lastKnownFileType = file.storyboard; path = Main.storyboard; sourceTree = "<group>"; };
		38A57D1924ABDCA600A7145A /* SF-Pro-Text-Regular.otf */ = {isa = PBXFileReference; lastKnownFileType = file; name = "SF-Pro-Text-Regular.otf"; path = "Fonts/SF-Pro-Text-Regular.otf"; sourceTree = SOURCE_ROOT; };
		38A57D1A24ABDCA600A7145A /* SF-Pro-Display-Thin.otf */ = {isa = PBXFileReference; lastKnownFileType = file; name = "SF-Pro-Display-Thin.otf"; path = "Fonts/SF-Pro-Display-Thin.otf"; sourceTree = SOURCE_ROOT; };
		38A57D1B24ABDCA600A7145A /* SF-Pro-Text-Thin.otf */ = {isa = PBXFileReference; lastKnownFileType = file; name = "SF-Pro-Text-Thin.otf"; path = "Fonts/SF-Pro-Text-Thin.otf"; sourceTree = SOURCE_ROOT; };
		38A57D1C24ABDCA600A7145A /* SF-Pro-Display-Light.otf */ = {isa = PBXFileReference; lastKnownFileType = file; name = "SF-Pro-Display-Light.otf"; path = "Fonts/SF-Pro-Display-Light.otf"; sourceTree = SOURCE_ROOT; };
		38A57D1D24ABDCA600A7145A /* SF-Pro-Display-Regular.otf */ = {isa = PBXFileReference; lastKnownFileType = file; name = "SF-Pro-Display-Regular.otf"; path = "Fonts/SF-Pro-Display-Regular.otf"; sourceTree = SOURCE_ROOT; };
		38A57D1E24ABDCA600A7145A /* SF-Pro-Text-Light.otf */ = {isa = PBXFileReference; lastKnownFileType = file; name = "SF-Pro-Text-Light.otf"; path = "Fonts/SF-Pro-Text-Light.otf"; sourceTree = SOURCE_ROOT; };
		38B7854E24801B7600DCFF2D /* ScientificCalculator.swift */ = {isa = PBXFileReference; lastKnownFileType = sourcecode.swift; name = ScientificCalculator.swift; path = "Scientific Calculator/ScientificCalculator.swift"; sourceTree = "<group>"; };
		38B7855024801B8A00DCFF2D /* StandardCalculator.swift */ = {isa = PBXFileReference; lastKnownFileType = sourcecode.swift; name = StandardCalculator.swift; path = iPhoneCalculatorRebuild/Calculator/StandardCalculator.swift; sourceTree = SOURCE_ROOT; };
		38C7FF0324AC5D9D00B14288 /* RoundScientificCalculatorCollectionViewCells.swift */ = {isa = PBXFileReference; lastKnownFileType = sourcecode.swift; name = RoundScientificCalculatorCollectionViewCells.swift; path = ../../../RoundScientificCalculatorCollectionViewCells.swift; sourceTree = "<group>"; };
		38C7FF0524AC7ECA00B14288 /* EditOutputLabelText.swift */ = {isa = PBXFileReference; lastKnownFileType = sourcecode.swift; path = EditOutputLabelText.swift; sourceTree = "<group>"; };
		38C7FF0924ACF48A00B14288 /* OutputLabelMenuController.swift */ = {isa = PBXFileReference; lastKnownFileType = sourcecode.swift; path = OutputLabelMenuController.swift; sourceTree = "<group>"; };
		38DA23A2247CE6B70046239F /* iPhoneCalculatorRebuild.app */ = {isa = PBXFileReference; explicitFileType = wrapper.application; includeInIndex = 0; path = iPhoneCalculatorRebuild.app; sourceTree = BUILT_PRODUCTS_DIR; };
		38DA23A5247CE6B70046239F /* AppDelegate.swift */ = {isa = PBXFileReference; lastKnownFileType = sourcecode.swift; path = AppDelegate.swift; sourceTree = "<group>"; };
		38DA23A7247CE6B70046239F /* SceneDelegate.swift */ = {isa = PBXFileReference; lastKnownFileType = sourcecode.swift; path = SceneDelegate.swift; sourceTree = "<group>"; };
		38DA23AE247CE6BB0046239F /* Assets.xcassets */ = {isa = PBXFileReference; lastKnownFileType = folder.assetcatalog; path = Assets.xcassets; sourceTree = "<group>"; };
		38DA23B3247CE6BB0046239F /* Info.plist */ = {isa = PBXFileReference; lastKnownFileType = text.plist.xml; path = Info.plist; sourceTree = "<group>"; };
		38DA23B9247CE7430046239F /* CalculatorViewController.swift */ = {isa = PBXFileReference; lastKnownFileType = sourcecode.swift; name = CalculatorViewController.swift; path = "iPhoneCalculatorRebuild/View Controller/CalculatorViewController.swift"; sourceTree = SOURCE_ROOT; };
		38DA23BF247CE8870046239F /* OutputLabel.swift */ = {isa = PBXFileReference; lastKnownFileType = sourcecode.swift; path = OutputLabel.swift; sourceTree = "<group>"; };
		38DA23C1247CE8AA0046239F /* SIUnitLabel.swift */ = {isa = PBXFileReference; lastKnownFileType = sourcecode.swift; path = SIUnitLabel.swift; sourceTree = "<group>"; };
		38DA23D4247CEE0F0046239F /* CalculatorCollectionViewCellLabel.swift */ = {isa = PBXFileReference; lastKnownFileType = sourcecode.swift; path = CalculatorCollectionViewCellLabel.swift; sourceTree = "<group>"; };
		38DA23D6247CEE550046239F /* CalculatorCollectionViewCell.swift */ = {isa = PBXFileReference; lastKnownFileType = sourcecode.swift; path = CalculatorCollectionViewCell.swift; sourceTree = "<group>"; };
		38F1890824AC534800F7BDE4 /* ManageScientificCalculatorCollectionViewCells.swift */ = {isa = PBXFileReference; lastKnownFileType = sourcecode.swift; path = ManageScientificCalculatorCollectionViewCells.swift; sourceTree = "<group>"; };
		38F1890B24AC583D00F7BDE4 /* SyncScientificCalculatorCollectionViewCells.swift */ = {isa = PBXFileReference; lastKnownFileType = sourcecode.swift; path = SyncScientificCalculatorCollectionViewCells.swift; sourceTree = "<group>"; };
/* End PBXFileReference section */

/* Begin PBXFrameworksBuildPhase section */
		387B9FAE25FF25380071DCF6 /* Frameworks */ = {
			isa = PBXFrameworksBuildPhase;
			buildActionMask = 2147483647;
			files = (
			);
			runOnlyForDeploymentPostprocessing = 0;
		};
		387B9FC425FF25810071DCF6 /* Frameworks */ = {
			isa = PBXFrameworksBuildPhase;
			buildActionMask = 2147483647;
			files = (
			);
			runOnlyForDeploymentPostprocessing = 0;
		};
		38DA239F247CE6B70046239F /* Frameworks */ = {
			isa = PBXFrameworksBuildPhase;
			buildActionMask = 2147483647;
			files = (
			);
			runOnlyForDeploymentPostprocessing = 0;
		};
/* End PBXFrameworksBuildPhase section */

/* Begin PBXGroup section */
		38201A3B247DE69F004FDE24 /* Calculator */ = {
			isa = PBXGroup;
			children = (
				38201A3C247DE6BC004FDE24 /* Calculator.swift */,
				38B7854E24801B7600DCFF2D /* ScientificCalculator.swift */,
				38B7855024801B8A00DCFF2D /* StandardCalculator.swift */,
			);
			name = Calculator;
			path = iPhoneCalculatorRebuild/Calculator;
			sourceTree = SOURCE_ROOT;
		};
		38201A40247DEBD9004FDE24 /* Calculator Cell */ = {
			isa = PBXGroup;
			children = (
				38201A41247DEC15004FDE24 /* CalculatorCell.swift */,
			);
			path = "Calculator Cell";
			sourceTree = "<group>";
		};
		3824326024ACFBFE00B6CAAB /* Term */ = {
			isa = PBXGroup;
			children = (
				3824326324ACFC3900B6CAAB /* DoubleValue.swift */,
				3824326724AD05ED00B6CAAB /* EvaluateFunction.swift */,
				3824326124ACFC1000B6CAAB /* NumberValue.swift */,
			);
			path = Term;
			sourceTree = "<group>";
		};
		3824326B24AD0B5D00B6CAAB /* CalculatorBrain */ = {
			isa = PBXGroup;
			children = (
				3824326924AD069500B6CAAB /* PersistStartingValues.swift */,
			);
			path = CalculatorBrain;
			sourceTree = "<group>";
		};
		3824326C24AD2D9E00B6CAAB /* PrecedenceOperationController */ = {
			isa = PBXGroup;
			children = (
				3824327124AD2E6D00B6CAAB /* EvaluateNewOperator.swift */,
				3824326D24AD2DBD00B6CAAB /* RemovePrecedenceOperation.swift */,
				3824326F24AD2DFC00B6CAAB /* ReplacePrecedenceOperation.swift */,
			);
			path = PrecedenceOperationController;
			sourceTree = "<group>";
		};
		3824327324AD317E00B6CAAB /* ArithmeticController */ = {
			isa = PBXGroup;
			children = (
				3824327424AD319400B6CAAB /* AddCalculatorEntry.swift */,
				3824327624AD5E6800B6CAAB /* AddParentheticalExpression.swift */,
				3824327824AD5E8600B6CAAB /* ClearAllEntries.swift */,
				3824327A24AD5EC900B6CAAB /* ClearLastTerm.swift */,
				3824327C24AD5EF200B6CAAB /* CloseParentheticalExpression.swift */,
				3824327E24AD5F0B00B6CAAB /* EvaluateArithmeticExpression.swift */,
				3824328024AD5F2300B6CAAB /* SecondSetOfFunctionsToggled.swift */,
				3824328224AD5F3A00B6CAAB /* ToggleNumberSign.swift */,
			);
			path = ArithmeticController;
			sourceTree = "<group>";
		};
		3870744C2499B6F000C74D25 /* Terms */ = {
			isa = PBXGroup;
			children = (
				3870744D2499B70500C74D25 /* Term.swift */,
				3824326524AD05CE00B6CAAB /* SignCanToggle.swift */,
				3870744F2499B74800C74D25 /* Constant.swift */,
				387074532499BAF200C74D25 /* FixedOperand.swift */,
				387074552499BB1D00C74D25 /* FunctionWithOneInput.swift */,
				387074572499BB3E00C74D25 /* FunctionWithTwoInputs.swift */,
				387074592499BB6600C74D25 /* MemoryRecall.swift */,
				3870745B2499BB7100C74D25 /* MutableOperand.swift */,
				3870746B2499E21D00C74D25 /* Operation.swift */,
				3870745D2499BB8B00C74D25 /* PercentageFunction.swift */,
				3870745F2499BBAC00C74D25 /* TrigonometricFunction.swift */,
			);
			path = Terms;
			sourceTree = "<group>";
		};
		387B4B57247DEEBB003AC960 /* Colors */ = {
			isa = PBXGroup;
			children = (
				387B4B55247DEE5A003AC960 /* Colors.swift */,
			);
			name = Colors;
			path = iPhoneCalculatorRebuild/Colors;
			sourceTree = SOURCE_ROOT;
		};
		387B9F3F25FF117F0071DCF6 /* Accessibility */ = {
			isa = PBXGroup;
			children = (
				387B9F4025FF11960071DCF6 /* AccessibilityObjects.swift */,
			);
			path = Accessibility;
			sourceTree = "<group>";
		};
		387B9F4625FF11B20071DCF6 /* View Model */ = {
			isa = PBXGroup;
			children = (
				387B9F4725FF11DD0071DCF6 /* CalculatorCollectionViewCellModel.swift */,
			);
			path = "View Model";
			sourceTree = "<group>";
		};
		387B9F4D25FF12030071DCF6 /* Datasource */ = {
			isa = PBXGroup;
			children = (
				387B9F4E25FF12110071DCF6 /* CalculatorDatasourceController.swift */,
			);
			path = Datasource;
			sourceTree = "<group>";
		};
		387B9F7025FF177F0071DCF6 /* CalculatorCells */ = {
			isa = PBXGroup;
			children = (
				387B9F7125FF17940071DCF6 /* AttributedStrings.swift */,
				387B9F7725FF17A70071DCF6 /* CellAppearence.swift */,
				387B9F7B25FF17B10071DCF6 /* ToggledValue.swift */,
			);
			path = CalculatorCells;
			sourceTree = "<group>";
		};
		387B9FB225FF25380071DCF6 /* iPhoneCalculatorRebuildUnitTests */ = {
			isa = PBXGroup;
			children = (
				387B9FF925FF26A20071DCF6 /* AddDisplayedNumberAsTermTests.swift */,
				387B9FFE25FF26C70071DCF6 /* ContinuedSolvingTests.swift */,
				387BA00325FF26FD0071DCF6 /* LogicAutocorrectTests.swift */,
				387BA013260017840071DCF6 /* MemoryRecallTests.swift */,
				387BA00825FF271D0071DCF6 /* ParentheticalAndPrecedenceTotalDisplaying.swift */,
				387B9FB525FF25390071DCF6 /* Info.plist */,
			);
			path = iPhoneCalculatorRebuildUnitTests;
			sourceTree = "<group>";
		};
		387B9FC825FF25810071DCF6 /* iPhoneCalculatorRebuildUITests */ = {
			isa = PBXGroup;
			children = (
				387B9FDD25FF260C0071DCF6 /* AllClearClearCellTests.swift */,
				387B9FE525FF26270071DCF6 /* ContinueArithmeticBetweenCalculators.swift */,
				387B9FEA25FF26440071DCF6 /* CopyAndPasteTests.swift */,
				387B9FEF25FF26680071DCF6 /* LayoutTests.swift */,
				387B9FF425FF267C0071DCF6 /* SwipeToDeleteTests.swift */,
				387B9FCB25FF25810071DCF6 /* Info.plist */,
			);
			path = iPhoneCalculatorRebuildUITests;
			sourceTree = "<group>";
		};
		3883169224AC5A34001B644A /* StandardCalculatorCollectionView */ = {
			isa = PBXGroup;
			children = (
				3883169524AC5A7B001B644A /* ManageStandardCalculatorCollectionViewCells.swift */,
				3883169324AC5A5E001B644A /* RoundStandardCalculatorCollectionViewCells.swift */,
				3883169724AC5AA0001B644A /* SyncStandardCalculatorCollectionViewCells.swift */,
			);
			path = StandardCalculatorCollectionView;
			sourceTree = "<group>";
		};
		388B0F74247E2B2E00297941 /* Fonts */ = {
			isa = PBXGroup;
			children = (
				388B0F72247E2B2A00297941 /* Fonts.swift */,
				38A57D1C24ABDCA600A7145A /* SF-Pro-Display-Light.otf */,
				38A57D1D24ABDCA600A7145A /* SF-Pro-Display-Regular.otf */,
				38A57D1A24ABDCA600A7145A /* SF-Pro-Display-Thin.otf */,
				38A57D1E24ABDCA600A7145A /* SF-Pro-Text-Light.otf */,
				38A57D1924ABDCA600A7145A /* SF-Pro-Text-Regular.otf */,
				38A57D1B24ABDCA600A7145A /* SF-Pro-Text-Thin.otf */,
			);
			path = Fonts;
			sourceTree = "<group>";
		};
		389A68FA25EA3E1700FB1791 /* Storyboard */ = {
			isa = PBXGroup;
			children = (
				389A68FB25EA3E3000FB1791 /* Main.storyboard */,
			);
			path = Storyboard;
			sourceTree = "<group>";
		};
		38A01B76248995A900FB6FB6 /* View Controller */ = {
			isa = PBXGroup;
			children = (
				38DA23B9247CE7430046239F /* CalculatorViewController.swift */,
			);
			path = "View Controller";
			sourceTree = "<group>";
		};
		38C7FF0824ACF45800B14288 /* LableView */ = {
			isa = PBXGroup;
			children = (
				38C7FF0524AC7ECA00B14288 /* EditOutputLabelText.swift */,
				38C7FF0924ACF48A00B14288 /* OutputLabelMenuController.swift */,
			);
			path = LableView;
			sourceTree = "<group>";
		};
		38DA2399247CE6B70046239F = {
			isa = PBXGroup;
			children = (
				38DA23A4247CE6B70046239F /* iPhoneCalculatorRebuild */,
				387B9FC825FF25810071DCF6 /* iPhoneCalculatorRebuildUITests */,
				387B9FB225FF25380071DCF6 /* iPhoneCalculatorRebuildUnitTests */,
			);
			sourceTree = "<group>";
		};
		38DA23A3247CE6B70046239F /* Products */ = {
			isa = PBXGroup;
			children = (
				38DA23A2247CE6B70046239F /* iPhoneCalculatorRebuild.app */,
				387B9FB125FF25380071DCF6 /* iPhoneCalculatorRebuildUnitTests.xctest */,
				387B9FC725FF25810071DCF6 /* iPhoneCalculatorRebuildUITests.xctest */,
			);
			name = Products;
			path = ..;
			sourceTree = "<group>";
		};
		38DA23A4247CE6B70046239F /* iPhoneCalculatorRebuild */ = {
			isa = PBXGroup;
			children = (
				387B9F3F25FF117F0071DCF6 /* Accessibility */,
				387B9F4D25FF12030071DCF6 /* Datasource */,
				38201A3B247DE69F004FDE24 /* Calculator */,
				38201A40247DEBD9004FDE24 /* Calculator Cell */,
				387B4B57247DEEBB003AC960 /* Colors */,
				388B0F74247E2B2E00297941 /* Fonts */,
				38DA23A3247CE6B70046239F /* Products */,
				38DA23CA247CEBC00046239F /* Protocols */,
				38DA23BC247CE7820046239F /* Resources */,
				38DA23C8247CEA600046239F /* Solving */,
				389A68FA25EA3E1700FB1791 /* Storyboard */,
				38DA23BE247CE81A0046239F /* Views */,
				387B9F4625FF11B20071DCF6 /* View Model */,
				38A01B76248995A900FB6FB6 /* View Controller */,
				38DA23B3247CE6BB0046239F /* Info.plist */,
			);
			path = iPhoneCalculatorRebuild;
			sourceTree = "<group>";
		};
		38DA23BC247CE7820046239F /* Resources */ = {
			isa = PBXGroup;
			children = (
				38DA23A5247CE6B70046239F /* AppDelegate.swift */,
				38DA23A7247CE6B70046239F /* SceneDelegate.swift */,
				38DA23AE247CE6BB0046239F /* Assets.xcassets */,
			);
			path = Resources;
			sourceTree = "<group>";
		};
		38DA23BE247CE81A0046239F /* Views */ = {
			isa = PBXGroup;
			children = (
				38DA23CB247CEC3F0046239F /* CollectionViews */,
				38DA23D0247CECCD0046239F /* CollectionViewCells */,
				38DA23D1247CECE00046239F /* LabelView */,
			);
			path = Views;
			sourceTree = "<group>";
		};
		38DA23C8247CEA600046239F /* Solving */ = {
			isa = PBXGroup;
			children = (
				3829545F249381F9002897E3 /* CalculatorBrain.swift */,
				387C575D249AA0670058DAB8 /* ArithmeticController.swift */,
				3841842F249EE02300CDDE0A /* PrecedenceOperationController.swift */,
				3848811A24A1DC3300EDCDF6 /* PrecedenceOperation.swift */,
				38271EA424A3329500D8F1DE /* Solver.swift */,
				3870744C2499B6F000C74D25 /* Terms */,
			);
			path = Solving;
			sourceTree = "<group>";
		};
		38DA23CA247CEBC00046239F /* Protocols */ = {
			isa = PBXGroup;
			children = (
				3824327324AD317E00B6CAAB /* ArithmeticController */,
				3824326B24AD0B5D00B6CAAB /* CalculatorBrain */,
				387B9F7025FF177F0071DCF6 /* CalculatorCells */,
				38F1890F24AC590700F7BDE4 /* CalculatorCollectionViews */,
				3824326C24AD2D9E00B6CAAB /* PrecedenceOperationController */,
				3824326024ACFBFE00B6CAAB /* Term */,
				38C7FF0824ACF45800B14288 /* LableView */,
			);
			path = Protocols;
			sourceTree = "<group>";
		};
		38DA23CB247CEC3F0046239F /* CollectionViews */ = {
			isa = PBXGroup;
			children = (
				387B9F8525FF1E7C0071DCF6 /* CalculatorCollectionView.swift */,
			);
			name = CollectionViews;
			path = iPhoneCalculatorRebuild/Views/CollectionViews;
			sourceTree = SOURCE_ROOT;
		};
		38DA23D0247CECCD0046239F /* CollectionViewCells */ = {
			isa = PBXGroup;
			children = (
				38DA23D6247CEE550046239F /* CalculatorCollectionViewCell.swift */,
				38DA23D4247CEE0F0046239F /* CalculatorCollectionViewCellLabel.swift */,
				38097A702494A7E6009712EF /* RadicalViewDeselected.swift */,
				38097A6E2494A7B6009712EF /* RadicalViewSelected.swift */,
			);
			path = CollectionViewCells;
			sourceTree = "<group>";
		};
		38DA23D1247CECE00046239F /* LabelView */ = {
			isa = PBXGroup;
			children = (
				38097A722494AF4C009712EF /* LabelView.swift */,
				3869F9C524ACF71F007CC321 /* MenuController.swift */,
				38DA23BF247CE8870046239F /* OutputLabel.swift */,
				38DA23C1247CE8AA0046239F /* SIUnitLabel.swift */,
			);
			path = LabelView;
			sourceTree = "<group>";
		};
		38F1890A24AC580900F7BDE4 /* ScientificCalculatorCollectionView */ = {
			isa = PBXGroup;
			children = (
				38F1890824AC534800F7BDE4 /* ManageScientificCalculatorCollectionViewCells.swift */,
				38C7FF0324AC5D9D00B14288 /* RoundScientificCalculatorCollectionViewCells.swift */,
				38F1890B24AC583D00F7BDE4 /* SyncScientificCalculatorCollectionViewCells.swift */,
			);
			path = ScientificCalculatorCollectionView;
			sourceTree = "<group>";
		};
		38F1890F24AC590700F7BDE4 /* CalculatorCollectionViews */ = {
			isa = PBXGroup;
			children = (
				38F1890A24AC580900F7BDE4 /* ScientificCalculatorCollectionView */,
				3883169224AC5A34001B644A /* StandardCalculatorCollectionView */,
			);
			path = CalculatorCollectionViews;
			sourceTree = "<group>";
		};
/* End PBXGroup section */

/* Begin PBXNativeTarget section */
		387B9FB025FF25380071DCF6 /* iPhoneCalculatorRebuildUnitTests */ = {
			isa = PBXNativeTarget;
			buildConfigurationList = 387B9FB825FF25390071DCF6 /* Build configuration list for PBXNativeTarget "iPhoneCalculatorRebuildUnitTests" */;
			buildPhases = (
				387B9FAD25FF25380071DCF6 /* Sources */,
				387B9FAE25FF25380071DCF6 /* Frameworks */,
				387B9FAF25FF25380071DCF6 /* Resources */,
			);
			buildRules = (
			);
			dependencies = (
				387B9FB725FF25390071DCF6 /* PBXTargetDependency */,
			);
			name = iPhoneCalculatorRebuildUnitTests;
			productName = iPhoneCalculatorRebuildUnitTests;
			productReference = 387B9FB125FF25380071DCF6 /* iPhoneCalculatorRebuildUnitTests.xctest */;
			productType = "com.apple.product-type.bundle.unit-test";
		};
		387B9FC625FF25810071DCF6 /* iPhoneCalculatorRebuildUITests */ = {
			isa = PBXNativeTarget;
			buildConfigurationList = 387B9FCE25FF25810071DCF6 /* Build configuration list for PBXNativeTarget "iPhoneCalculatorRebuildUITests" */;
			buildPhases = (
				387B9FC325FF25810071DCF6 /* Sources */,
				387B9FC425FF25810071DCF6 /* Frameworks */,
				387B9FC525FF25810071DCF6 /* Resources */,
			);
			buildRules = (
			);
			dependencies = (
				387B9FCD25FF25810071DCF6 /* PBXTargetDependency */,
			);
			name = iPhoneCalculatorRebuildUITests;
			productName = iPhoneCalculatorRebuildUITests;
			productReference = 387B9FC725FF25810071DCF6 /* iPhoneCalculatorRebuildUITests.xctest */;
			productType = "com.apple.product-type.bundle.ui-testing";
		};
		38DA23A1247CE6B70046239F /* iPhoneCalculatorRebuild */ = {
			isa = PBXNativeTarget;
			buildConfigurationList = 38DA23B6247CE6BB0046239F /* Build configuration list for PBXNativeTarget "iPhoneCalculatorRebuild" */;
			buildPhases = (
				38DA239E247CE6B70046239F /* Sources */,
				38DA239F247CE6B70046239F /* Frameworks */,
				38DA23A0247CE6B70046239F /* Resources */,
			);
			buildRules = (
			);
			dependencies = (
			);
			name = iPhoneCalculatorRebuild;
			productName = iPhoneCalculatorRebuild;
			productReference = 38DA23A2247CE6B70046239F /* iPhoneCalculatorRebuild.app */;
			productType = "com.apple.product-type.application";
		};
/* End PBXNativeTarget section */

/* Begin PBXProject section */
		38DA239A247CE6B70046239F /* Project object */ = {
			isa = PBXProject;
			attributes = {
				LastSwiftUpdateCheck = 1240;
				LastUpgradeCheck = 1130;
				ORGANIZATIONNAME = "Alfredo Colon";
				TargetAttributes = {
					387B9FB025FF25380071DCF6 = {
						CreatedOnToolsVersion = 12.4;
						TestTargetID = 38DA23A1247CE6B70046239F;
					};
					387B9FC625FF25810071DCF6 = {
						CreatedOnToolsVersion = 12.4;
						TestTargetID = 38DA23A1247CE6B70046239F;
					};
					38DA23A1247CE6B70046239F = {
						CreatedOnToolsVersion = 11.3.1;
					};
				};
			};
			buildConfigurationList = 38DA239D247CE6B70046239F /* Build configuration list for PBXProject "iPhoneCalculatorRebuild" */;
			compatibilityVersion = "Xcode 9.3";
			developmentRegion = en;
			hasScannedForEncodings = 0;
			knownRegions = (
				en,
				Base,
			);
			mainGroup = 38DA2399247CE6B70046239F;
			productRefGroup = 38DA23A3247CE6B70046239F /* Products */;
			projectDirPath = "";
			projectRoot = "";
			targets = (
				38DA23A1247CE6B70046239F /* iPhoneCalculatorRebuild */,
				387B9FB025FF25380071DCF6 /* iPhoneCalculatorRebuildUnitTests */,
				387B9FC625FF25810071DCF6 /* iPhoneCalculatorRebuildUITests */,
			);
		};
/* End PBXProject section */

/* Begin PBXResourcesBuildPhase section */
		387B9FAF25FF25380071DCF6 /* Resources */ = {
			isa = PBXResourcesBuildPhase;
			buildActionMask = 2147483647;
			files = (
			);
			runOnlyForDeploymentPostprocessing = 0;
		};
		387B9FC525FF25810071DCF6 /* Resources */ = {
			isa = PBXResourcesBuildPhase;
			buildActionMask = 2147483647;
			files = (
			);
			runOnlyForDeploymentPostprocessing = 0;
		};
		38DA23A0247CE6B70046239F /* Resources */ = {
			isa = PBXResourcesBuildPhase;
			buildActionMask = 2147483647;
			files = (
				38A57D2024ABDCA600A7145A /* SF-Pro-Display-Thin.otf in Resources */,
				38A57D2124ABDCA600A7145A /* SF-Pro-Text-Thin.otf in Resources */,
				38A57D2424ABDCA600A7145A /* SF-Pro-Text-Light.otf in Resources */,
				389A68FC25EA3E3000FB1791 /* Main.storyboard in Resources */,
				38A57D1F24ABDCA600A7145A /* SF-Pro-Text-Regular.otf in Resources */,
				38DA23AF247CE6BB0046239F /* Assets.xcassets in Resources */,
				38A57D2224ABDCA600A7145A /* SF-Pro-Display-Light.otf in Resources */,
				38A57D2324ABDCA600A7145A /* SF-Pro-Display-Regular.otf in Resources */,
			);
			runOnlyForDeploymentPostprocessing = 0;
		};
/* End PBXResourcesBuildPhase section */

/* Begin PBXSourcesBuildPhase section */
		387B9FAD25FF25380071DCF6 /* Sources */ = {
			isa = PBXSourcesBuildPhase;
			buildActionMask = 2147483647;
			files = (
				387B9FFF25FF26C70071DCF6 /* ContinuedSolvingTests.swift in Sources */,
				387BA014260017840071DCF6 /* MemoryRecallTests.swift in Sources */,
				387BA00925FF271D0071DCF6 /* ParentheticalAndPrecedenceTotalDisplaying.swift in Sources */,
				387B9FFA25FF26A20071DCF6 /* AddDisplayedNumberAsTermTests.swift in Sources */,
				387BA00425FF26FD0071DCF6 /* LogicAutocorrectTests.swift in Sources */,
			);
			runOnlyForDeploymentPostprocessing = 0;
		};
		387B9FC325FF25810071DCF6 /* Sources */ = {
			isa = PBXSourcesBuildPhase;
			buildActionMask = 2147483647;
			files = (
				387B9FF525FF267C0071DCF6 /* SwipeToDeleteTests.swift in Sources */,
				387B9FEB25FF26440071DCF6 /* CopyAndPasteTests.swift in Sources */,
				387B9FE625FF26270071DCF6 /* ContinueArithmeticBetweenCalculators.swift in Sources */,
				387B9FF025FF26680071DCF6 /* LayoutTests.swift in Sources */,
				387B9FDE25FF260C0071DCF6 /* AllClearClearCellTests.swift in Sources */,
			);
			runOnlyForDeploymentPostprocessing = 0;
		};
		38DA239E247CE6B70046239F /* Sources */ = {
			isa = PBXSourcesBuildPhase;
			buildActionMask = 2147483647;
			files = (
				3824326824AD05ED00B6CAAB /* EvaluateFunction.swift in Sources */,
				387B9F7825FF17A70071DCF6 /* CellAppearence.swift in Sources */,
				38DA23A6247CE6B70046239F /* AppDelegate.swift in Sources */,
				387074502499B74800C74D25 /* Constant.swift in Sources */,
				387074602499BBAC00C74D25 /* TrigonometricFunction.swift in Sources */,
				38DA23D5247CEE0F0046239F /* CalculatorCollectionViewCellLabel.swift in Sources */,
				3883169424AC5A5E001B644A /* RoundStandardCalculatorCollectionViewCells.swift in Sources */,
				3824327524AD319400B6CAAB /* AddCalculatorEntry.swift in Sources */,
				3870746C2499E21D00C74D25 /* Operation.swift in Sources */,
				3870745C2499BB7100C74D25 /* MutableOperand.swift in Sources */,
				3824327724AD5E6800B6CAAB /* AddParentheticalExpression.swift in Sources */,
				38F1890924AC534800F7BDE4 /* ManageScientificCalculatorCollectionViewCells.swift in Sources */,
				38418430249EE02300CDDE0A /* PrecedenceOperationController.swift in Sources */,
				38C7FF0424AC5D9D00B14288 /* RoundScientificCalculatorCollectionViewCells.swift in Sources */,
				3870744E2499B70500C74D25 /* Term.swift in Sources */,
				38295460249381F9002897E3 /* CalculatorBrain.swift in Sources */,
				3883169824AC5AA0001B644A /* SyncStandardCalculatorCollectionViewCells.swift in Sources */,
				3824328324AD5F3A00B6CAAB /* ToggleNumberSign.swift in Sources */,
				387074542499BAF200C74D25 /* FixedOperand.swift in Sources */,
				38097A712494A7E6009712EF /* RadicalViewDeselected.swift in Sources */,
				3824327B24AD5EC900B6CAAB /* ClearLastTerm.swift in Sources */,
				38DA23C0247CE8870046239F /* OutputLabel.swift in Sources */,
				3870745A2499BB6600C74D25 /* MemoryRecall.swift in Sources */,
				38DA23BA247CE7430046239F /* CalculatorViewController.swift in Sources */,
				3824327224AD2E6D00B6CAAB /* EvaluateNewOperator.swift in Sources */,
				38DA23A8247CE6B70046239F /* SceneDelegate.swift in Sources */,
				387B9F4125FF11960071DCF6 /* AccessibilityObjects.swift in Sources */,
				3824326224ACFC1000B6CAAB /* NumberValue.swift in Sources */,
				387074562499BB1D00C74D25 /* FunctionWithOneInput.swift in Sources */,
				3824327F24AD5F0B00B6CAAB /* EvaluateArithmeticExpression.swift in Sources */,
				387C575E249AA0670058DAB8 /* ArithmeticController.swift in Sources */,
				38C7FF0A24ACF48A00B14288 /* OutputLabelMenuController.swift in Sources */,
				38097A6F2494A7B6009712EF /* RadicalViewSelected.swift in Sources */,
				38B7855124801B8A00DCFF2D /* StandardCalculator.swift in Sources */,
				3848811B24A1DC3300EDCDF6 /* PrecedenceOperation.swift in Sources */,
				38B7854F24801B7600DCFF2D /* ScientificCalculator.swift in Sources */,
				38F1890C24AC583D00F7BDE4 /* SyncScientificCalculatorCollectionViewCells.swift in Sources */,
				38271EA524A3329500D8F1DE /* Solver.swift in Sources */,
				38201A3D247DE6BD004FDE24 /* Calculator.swift in Sources */,
				3870745E2499BB8B00C74D25 /* PercentageFunction.swift in Sources */,
				3824326E24AD2DBD00B6CAAB /* RemovePrecedenceOperation.swift in Sources */,
				387B9F8625FF1E7C0071DCF6 /* CalculatorCollectionView.swift in Sources */,
				3824327D24AD5EF200B6CAAB /* CloseParentheticalExpression.swift in Sources */,
				3869F9C624ACF71F007CC321 /* MenuController.swift in Sources */,
				387B4B56247DEE5A003AC960 /* Colors.swift in Sources */,
				38201A42247DEC15004FDE24 /* CalculatorCell.swift in Sources */,
				38097A732494AF4C009712EF /* LabelView.swift in Sources */,
				38DA23D7247CEE550046239F /* CalculatorCollectionViewCell.swift in Sources */,
				387B9F4825FF11DD0071DCF6 /* CalculatorCollectionViewCellModel.swift in Sources */,
				387B9F7225FF17940071DCF6 /* AttributedStrings.swift in Sources */,
				3824326424ACFC3900B6CAAB /* DoubleValue.swift in Sources */,
				3824326A24AD069500B6CAAB /* PersistStartingValues.swift in Sources */,
				38DA23C2247CE8AA0046239F /* SIUnitLabel.swift in Sources */,
				387B9F4F25FF12110071DCF6 /* CalculatorDatasourceController.swift in Sources */,
				387074582499BB3E00C74D25 /* FunctionWithTwoInputs.swift in Sources */,
				3824328124AD5F2300B6CAAB /* SecondSetOfFunctionsToggled.swift in Sources */,
				3824327924AD5E8600B6CAAB /* ClearAllEntries.swift in Sources */,
				38C7FF0624AC7ECA00B14288 /* EditOutputLabelText.swift in Sources */,
				3824327024AD2DFD00B6CAAB /* ReplacePrecedenceOperation.swift in Sources */,
				3883169624AC5A7B001B644A /* ManageStandardCalculatorCollectionViewCells.swift in Sources */,
				388B0F73247E2B2A00297941 /* Fonts.swift in Sources */,
				387B9F7C25FF17B10071DCF6 /* ToggledValue.swift in Sources */,
				3824326624AD05CE00B6CAAB /* SignCanToggle.swift in Sources */,
			);
			runOnlyForDeploymentPostprocessing = 0;
		};
/* End PBXSourcesBuildPhase section */

/* Begin PBXTargetDependency section */
		387B9FB725FF25390071DCF6 /* PBXTargetDependency */ = {
			isa = PBXTargetDependency;
			target = 38DA23A1247CE6B70046239F /* iPhoneCalculatorRebuild */;
			targetProxy = 387B9FB625FF25390071DCF6 /* PBXContainerItemProxy */;
		};
		387B9FCD25FF25810071DCF6 /* PBXTargetDependency */ = {
			isa = PBXTargetDependency;
			target = 38DA23A1247CE6B70046239F /* iPhoneCalculatorRebuild */;
			targetProxy = 387B9FCC25FF25810071DCF6 /* PBXContainerItemProxy */;
		};
/* End PBXTargetDependency section */

/* Begin XCBuildConfiguration section */
		387B9FB925FF25390071DCF6 /* Debug */ = {
			isa = XCBuildConfiguration;
			buildSettings = {
				BUNDLE_LOADER = "$(TEST_HOST)";
				CLANG_WARN_QUOTED_INCLUDE_IN_FRAMEWORK_HEADER = YES;
				CODE_SIGN_STYLE = Automatic;
				DEVELOPMENT_TEAM = 955MLY2U7C;
				INFOPLIST_FILE = iPhoneCalculatorRebuildUnitTests/Info.plist;
				IPHONEOS_DEPLOYMENT_TARGET = 14.4;
				LD_RUNPATH_SEARCH_PATHS = (
					"$(inherited)",
					"@executable_path/Frameworks",
					"@loader_path/Frameworks",
				);
				PRODUCT_BUNDLE_IDENTIFIER = alfredoDevelops.iPhoneCalculatorRebuildUnitTests;
				PRODUCT_NAME = "$(TARGET_NAME)";
				SWIFT_VERSION = 5.0;
				TARGETED_DEVICE_FAMILY = "1,2";
				TEST_HOST = "$(BUILT_PRODUCTS_DIR)/iPhoneCalculatorRebuild.app/iPhoneCalculatorRebuild";
			};
			name = Debug;
		};
		387B9FBA25FF25390071DCF6 /* Release */ = {
			isa = XCBuildConfiguration;
			buildSettings = {
				BUNDLE_LOADER = "$(TEST_HOST)";
				CLANG_WARN_QUOTED_INCLUDE_IN_FRAMEWORK_HEADER = YES;
				CODE_SIGN_STYLE = Automatic;
				DEVELOPMENT_TEAM = 955MLY2U7C;
				INFOPLIST_FILE = iPhoneCalculatorRebuildUnitTests/Info.plist;
				IPHONEOS_DEPLOYMENT_TARGET = 14.4;
				LD_RUNPATH_SEARCH_PATHS = (
					"$(inherited)",
					"@executable_path/Frameworks",
					"@loader_path/Frameworks",
				);
				PRODUCT_BUNDLE_IDENTIFIER = alfredoDevelops.iPhoneCalculatorRebuildUnitTests;
				PRODUCT_NAME = "$(TARGET_NAME)";
				SWIFT_VERSION = 5.0;
				TARGETED_DEVICE_FAMILY = "1,2";
				TEST_HOST = "$(BUILT_PRODUCTS_DIR)/iPhoneCalculatorRebuild.app/iPhoneCalculatorRebuild";
			};
			name = Release;
		};
		387B9FCF25FF25810071DCF6 /* Debug */ = {
			isa = XCBuildConfiguration;
			buildSettings = {
				CLANG_WARN_QUOTED_INCLUDE_IN_FRAMEWORK_HEADER = YES;
				CODE_SIGN_STYLE = Automatic;
				DEVELOPMENT_TEAM = 955MLY2U7C;
				INFOPLIST_FILE = iPhoneCalculatorRebuildUITests/Info.plist;
				IPHONEOS_DEPLOYMENT_TARGET = 14.4;
				LD_RUNPATH_SEARCH_PATHS = (
					"$(inherited)",
					"@executable_path/Frameworks",
					"@loader_path/Frameworks",
				);
				PRODUCT_BUNDLE_IDENTIFIER = alfredoDevelops.iPhoneCalculatorRebuildUITests;
				PRODUCT_NAME = "$(TARGET_NAME)";
				SWIFT_VERSION = 5.0;
				TARGETED_DEVICE_FAMILY = "1,2";
				TEST_TARGET_NAME = iPhoneCalculatorRebuild;
			};
			name = Debug;
		};
		387B9FD025FF25810071DCF6 /* Release */ = {
			isa = XCBuildConfiguration;
			buildSettings = {
				CLANG_WARN_QUOTED_INCLUDE_IN_FRAMEWORK_HEADER = YES;
				CODE_SIGN_STYLE = Automatic;
				DEVELOPMENT_TEAM = 955MLY2U7C;
				INFOPLIST_FILE = iPhoneCalculatorRebuildUITests/Info.plist;
				IPHONEOS_DEPLOYMENT_TARGET = 14.4;
				LD_RUNPATH_SEARCH_PATHS = (
					"$(inherited)",
					"@executable_path/Frameworks",
					"@loader_path/Frameworks",
				);
				PRODUCT_BUNDLE_IDENTIFIER = alfredoDevelops.iPhoneCalculatorRebuildUITests;
				PRODUCT_NAME = "$(TARGET_NAME)";
				SWIFT_VERSION = 5.0;
				TARGETED_DEVICE_FAMILY = "1,2";
				TEST_TARGET_NAME = iPhoneCalculatorRebuild;
			};
			name = Release;
		};
		38DA23B4247CE6BB0046239F /* Debug */ = {
			isa = XCBuildConfiguration;
			buildSettings = {
				ALWAYS_SEARCH_USER_PATHS = NO;
				CLANG_ANALYZER_NONNULL = YES;
				CLANG_ANALYZER_NUMBER_OBJECT_CONVERSION = YES_AGGRESSIVE;
				CLANG_CXX_LANGUAGE_STANDARD = "gnu++14";
				CLANG_CXX_LIBRARY = "libc++";
				CLANG_ENABLE_MODULES = YES;
				CLANG_ENABLE_OBJC_ARC = YES;
				CLANG_ENABLE_OBJC_WEAK = YES;
				CLANG_WARN_BLOCK_CAPTURE_AUTORELEASING = YES;
				CLANG_WARN_BOOL_CONVERSION = YES;
				CLANG_WARN_COMMA = YES;
				CLANG_WARN_CONSTANT_CONVERSION = YES;
				CLANG_WARN_DEPRECATED_OBJC_IMPLEMENTATIONS = YES;
				CLANG_WARN_DIRECT_OBJC_ISA_USAGE = YES_ERROR;
				CLANG_WARN_DOCUMENTATION_COMMENTS = YES;
				CLANG_WARN_EMPTY_BODY = YES;
				CLANG_WARN_ENUM_CONVERSION = YES;
				CLANG_WARN_INFINITE_RECURSION = YES;
				CLANG_WARN_INT_CONVERSION = YES;
				CLANG_WARN_NON_LITERAL_NULL_CONVERSION = YES;
				CLANG_WARN_OBJC_IMPLICIT_RETAIN_SELF = YES;
				CLANG_WARN_OBJC_LITERAL_CONVERSION = YES;
				CLANG_WARN_OBJC_ROOT_CLASS = YES_ERROR;
				CLANG_WARN_RANGE_LOOP_ANALYSIS = YES;
				CLANG_WARN_STRICT_PROTOTYPES = YES;
				CLANG_WARN_SUSPICIOUS_MOVE = YES;
				CLANG_WARN_UNGUARDED_AVAILABILITY = YES_AGGRESSIVE;
				CLANG_WARN_UNREACHABLE_CODE = YES;
				CLANG_WARN__DUPLICATE_METHOD_MATCH = YES;
				COPY_PHASE_STRIP = NO;
				DEBUG_INFORMATION_FORMAT = dwarf;
				ENABLE_STRICT_OBJC_MSGSEND = YES;
				ENABLE_TESTABILITY = YES;
				GCC_C_LANGUAGE_STANDARD = gnu11;
				GCC_DYNAMIC_NO_PIC = NO;
				GCC_NO_COMMON_BLOCKS = YES;
				GCC_OPTIMIZATION_LEVEL = 0;
				GCC_PREPROCESSOR_DEFINITIONS = (
					"DEBUG=1",
					"$(inherited)",
				);
				GCC_WARN_64_TO_32_BIT_CONVERSION = YES;
				GCC_WARN_ABOUT_RETURN_TYPE = YES_ERROR;
				GCC_WARN_UNDECLARED_SELECTOR = YES;
				GCC_WARN_UNINITIALIZED_AUTOS = YES_AGGRESSIVE;
				GCC_WARN_UNUSED_FUNCTION = YES;
				GCC_WARN_UNUSED_VARIABLE = YES;
				IPHONEOS_DEPLOYMENT_TARGET = 13.2;
				MTL_ENABLE_DEBUG_INFO = INCLUDE_SOURCE;
				MTL_FAST_MATH = YES;
				ONLY_ACTIVE_ARCH = YES;
				SDKROOT = iphoneos;
				SWIFT_ACTIVE_COMPILATION_CONDITIONS = DEBUG;
				SWIFT_OPTIMIZATION_LEVEL = "-Onone";
			};
			name = Debug;
		};
		38DA23B5247CE6BB0046239F /* Release */ = {
			isa = XCBuildConfiguration;
			buildSettings = {
				ALWAYS_SEARCH_USER_PATHS = NO;
				CLANG_ANALYZER_NONNULL = YES;
				CLANG_ANALYZER_NUMBER_OBJECT_CONVERSION = YES_AGGRESSIVE;
				CLANG_CXX_LANGUAGE_STANDARD = "gnu++14";
				CLANG_CXX_LIBRARY = "libc++";
				CLANG_ENABLE_MODULES = YES;
				CLANG_ENABLE_OBJC_ARC = YES;
				CLANG_ENABLE_OBJC_WEAK = YES;
				CLANG_WARN_BLOCK_CAPTURE_AUTORELEASING = YES;
				CLANG_WARN_BOOL_CONVERSION = YES;
				CLANG_WARN_COMMA = YES;
				CLANG_WARN_CONSTANT_CONVERSION = YES;
				CLANG_WARN_DEPRECATED_OBJC_IMPLEMENTATIONS = YES;
				CLANG_WARN_DIRECT_OBJC_ISA_USAGE = YES_ERROR;
				CLANG_WARN_DOCUMENTATION_COMMENTS = YES;
				CLANG_WARN_EMPTY_BODY = YES;
				CLANG_WARN_ENUM_CONVERSION = YES;
				CLANG_WARN_INFINITE_RECURSION = YES;
				CLANG_WARN_INT_CONVERSION = YES;
				CLANG_WARN_NON_LITERAL_NULL_CONVERSION = YES;
				CLANG_WARN_OBJC_IMPLICIT_RETAIN_SELF = YES;
				CLANG_WARN_OBJC_LITERAL_CONVERSION = YES;
				CLANG_WARN_OBJC_ROOT_CLASS = YES_ERROR;
				CLANG_WARN_RANGE_LOOP_ANALYSIS = YES;
				CLANG_WARN_STRICT_PROTOTYPES = YES;
				CLANG_WARN_SUSPICIOUS_MOVE = YES;
				CLANG_WARN_UNGUARDED_AVAILABILITY = YES_AGGRESSIVE;
				CLANG_WARN_UNREACHABLE_CODE = YES;
				CLANG_WARN__DUPLICATE_METHOD_MATCH = YES;
				COPY_PHASE_STRIP = NO;
				DEBUG_INFORMATION_FORMAT = "dwarf-with-dsym";
				ENABLE_NS_ASSERTIONS = NO;
				ENABLE_STRICT_OBJC_MSGSEND = YES;
				GCC_C_LANGUAGE_STANDARD = gnu11;
				GCC_NO_COMMON_BLOCKS = YES;
				GCC_WARN_64_TO_32_BIT_CONVERSION = YES;
				GCC_WARN_ABOUT_RETURN_TYPE = YES_ERROR;
				GCC_WARN_UNDECLARED_SELECTOR = YES;
				GCC_WARN_UNINITIALIZED_AUTOS = YES_AGGRESSIVE;
				GCC_WARN_UNUSED_FUNCTION = YES;
				GCC_WARN_UNUSED_VARIABLE = YES;
				IPHONEOS_DEPLOYMENT_TARGET = 13.2;
				MTL_ENABLE_DEBUG_INFO = NO;
				MTL_FAST_MATH = YES;
				SDKROOT = iphoneos;
				SWIFT_COMPILATION_MODE = wholemodule;
				SWIFT_OPTIMIZATION_LEVEL = "-O";
				VALIDATE_PRODUCT = YES;
			};
			name = Release;
		};
		38DA23B7247CE6BB0046239F /* Debug */ = {
			isa = XCBuildConfiguration;
			buildSettings = {
				ASSETCATALOG_COMPILER_APPICON_NAME = AppIcon;
				CODE_SIGN_STYLE = Automatic;
				DEVELOPMENT_TEAM = 955MLY2U7C;
				INFOPLIST_FILE = iPhoneCalculatorRebuild/Info.plist;
				LD_RUNPATH_SEARCH_PATHS = (
					"$(inherited)",
					"@executable_path/Frameworks",
				);
				PRODUCT_BUNDLE_IDENTIFIER = alfredoDevelops.iPhoneCalculatorRebuild;
				PRODUCT_NAME = "$(TARGET_NAME)";
				SWIFT_VERSION = 5.0;
				TARGETED_DEVICE_FAMILY = "1,2";
			};
			name = Debug;
		};
		38DA23B8247CE6BB0046239F /* Release */ = {
			isa = XCBuildConfiguration;
			buildSettings = {
				ASSETCATALOG_COMPILER_APPICON_NAME = AppIcon;
				CODE_SIGN_STYLE = Automatic;
				DEVELOPMENT_TEAM = 955MLY2U7C;
				INFOPLIST_FILE = iPhoneCalculatorRebuild/Info.plist;
				LD_RUNPATH_SEARCH_PATHS = (
					"$(inherited)",
					"@executable_path/Frameworks",
				);
				PRODUCT_BUNDLE_IDENTIFIER = alfredoDevelops.iPhoneCalculatorRebuild;
				PRODUCT_NAME = "$(TARGET_NAME)";
				SWIFT_VERSION = 5.0;
				TARGETED_DEVICE_FAMILY = "1,2";
			};
			name = Release;
		};
/* End XCBuildConfiguration section */

/* Begin XCConfigurationList section */
		387B9FB825FF25390071DCF6 /* Build configuration list for PBXNativeTarget "iPhoneCalculatorRebuildUnitTests" */ = {
			isa = XCConfigurationList;
			buildConfigurations = (
				387B9FB925FF25390071DCF6 /* Debug */,
				387B9FBA25FF25390071DCF6 /* Release */,
			);
			defaultConfigurationIsVisible = 0;
			defaultConfigurationName = Release;
		};
		387B9FCE25FF25810071DCF6 /* Build configuration list for PBXNativeTarget "iPhoneCalculatorRebuildUITests" */ = {
			isa = XCConfigurationList;
			buildConfigurations = (
				387B9FCF25FF25810071DCF6 /* Debug */,
				387B9FD025FF25810071DCF6 /* Release */,
			);
			defaultConfigurationIsVisible = 0;
			defaultConfigurationName = Release;
		};
		38DA239D247CE6B70046239F /* Build configuration list for PBXProject "iPhoneCalculatorRebuild" */ = {
			isa = XCConfigurationList;
			buildConfigurations = (
				38DA23B4247CE6BB0046239F /* Debug */,
				38DA23B5247CE6BB0046239F /* Release */,
			);
			defaultConfigurationIsVisible = 0;
			defaultConfigurationName = Release;
		};
		38DA23B6247CE6BB0046239F /* Build configuration list for PBXNativeTarget "iPhoneCalculatorRebuild" */ = {
			isa = XCConfigurationList;
			buildConfigurations = (
				38DA23B7247CE6BB0046239F /* Debug */,
				38DA23B8247CE6BB0046239F /* Release */,
			);
			defaultConfigurationIsVisible = 0;
			defaultConfigurationName = Release;
		};
/* End XCConfigurationList section */
	};
	rootObject = 38DA239A247CE6B70046239F /* Project object */;
}
